// !$*UTF8*$!
{
	archiveVersion = 1;
	classes = {
	};
	objectVersion = 46;
	objects = {

/* Begin PBXBuildFile section */
		B90DB84F16CF920F008E0B61 /* GossipQueenInterestsViewController.m in Sources */ = {isa = PBXBuildFile; fileRef = B90DB84E16CF920F008E0B61 /* GossipQueenInterestsViewController.m */; };
		B90DB85216CF92D3008E0B61 /* GossipQueenFriendsViewController.m in Sources */ = {isa = PBXBuildFile; fileRef = B90DB85116CF92D3008E0B61 /* GossipQueenFriendsViewController.m */; };
		B90DB85516CF9334008E0B61 /* GossipQueenHistoryViewController.m in Sources */ = {isa = PBXBuildFile; fileRef = B90DB85416CF9334008E0B61 /* GossipQueenHistoryViewController.m */; };
		B94838F816CED0E600438882 /* UIKit.framework in Frameworks */ = {isa = PBXBuildFile; fileRef = B94838F716CED0E600438882 /* UIKit.framework */; };
		B94838FA16CED0E600438882 /* Foundation.framework in Frameworks */ = {isa = PBXBuildFile; fileRef = B94838F916CED0E600438882 /* Foundation.framework */; };
		B94838FC16CED0E600438882 /* CoreGraphics.framework in Frameworks */ = {isa = PBXBuildFile; fileRef = B94838FB16CED0E600438882 /* CoreGraphics.framework */; };
		B948390216CED0E600438882 /* InfoPlist.strings in Resources */ = {isa = PBXBuildFile; fileRef = B948390016CED0E600438882 /* InfoPlist.strings */; };
		B948390416CED0E600438882 /* main.m in Sources */ = {isa = PBXBuildFile; fileRef = B948390316CED0E600438882 /* main.m */; };
		B948390816CED0E600438882 /* GossipQueenAppDelegate.m in Sources */ = {isa = PBXBuildFile; fileRef = B948390716CED0E600438882 /* GossipQueenAppDelegate.m */; };
		B948390A16CED0E600438882 /* Default.png in Resources */ = {isa = PBXBuildFile; fileRef = B948390916CED0E600438882 /* Default.png */; };
		B948390C16CED0E600438882 /* Default@2x.png in Resources */ = {isa = PBXBuildFile; fileRef = B948390B16CED0E600438882 /* Default@2x.png */; };
		B948390E16CED0E600438882 /* Default-568h@2x.png in Resources */ = {isa = PBXBuildFile; fileRef = B948390D16CED0E600438882 /* Default-568h@2x.png */; };
		B948391116CED0E600438882 /* MainStoryboard_iPhone.storyboard in Resources */ = {isa = PBXBuildFile; fileRef = B948390F16CED0E600438882 /* MainStoryboard_iPhone.storyboard */; };
		B948391416CED0E600438882 /* MainStoryboard_iPad.storyboard in Resources */ = {isa = PBXBuildFile; fileRef = B948391216CED0E600438882 /* MainStoryboard_iPad.storyboard */; };
		B948391716CED0E600438882 /* GossipQueenMainViewController.m in Sources */ = {isa = PBXBuildFile; fileRef = B948391616CED0E600438882 /* GossipQueenMainViewController.m */; };
		B948391916CED0E600438882 /* first.png in Resources */ = {isa = PBXBuildFile; fileRef = B948391816CED0E600438882 /* first.png */; };
		B948391B16CED0E600438882 /* first@2x.png in Resources */ = {isa = PBXBuildFile; fileRef = B948391A16CED0E600438882 /* first@2x.png */; };
		B948392016CED0E600438882 /* second.png in Resources */ = {isa = PBXBuildFile; fileRef = B948391F16CED0E600438882 /* second.png */; };
		B948392216CED0E600438882 /* second@2x.png in Resources */ = {isa = PBXBuildFile; fileRef = B948392116CED0E600438882 /* second@2x.png */; };
		B9794F7F16CF2F63003BDD68 /* MapKit.framework in Frameworks */ = {isa = PBXBuildFile; fileRef = B9794F7E16CF2F63003BDD68 /* MapKit.framework */; };
		B9ACB63F16D0E8A1003F5291 /* Parse.framework in Frameworks */ = {isa = PBXBuildFile; fileRef = B9ACB63E16D0E8A1003F5291 /* Parse.framework */; };
		B9ACB64116D0E917003F5291 /* AudioToolbox.framework in Frameworks */ = {isa = PBXBuildFile; fileRef = B9ACB64016D0E917003F5291 /* AudioToolbox.framework */; };
		B9ACB64316D0E91C003F5291 /* Accounts.framework in Frameworks */ = {isa = PBXBuildFile; fileRef = B9ACB64216D0E91C003F5291 /* Accounts.framework */; settings = {ATTRIBUTES = (Weak, ); }; };
		B9ACB64516D0E921003F5291 /* AdSupport.framework in Frameworks */ = {isa = PBXBuildFile; fileRef = B9ACB64416D0E921003F5291 /* AdSupport.framework */; settings = {ATTRIBUTES = (Weak, ); }; };
		B9ACB64716D0E930003F5291 /* CFNetwork.framework in Frameworks */ = {isa = PBXBuildFile; fileRef = B9ACB64616D0E930003F5291 /* CFNetwork.framework */; };
		B9ACB64916D0E93B003F5291 /* CoreLocation.framework in Frameworks */ = {isa = PBXBuildFile; fileRef = B9ACB64816D0E93B003F5291 /* CoreLocation.framework */; };
		B9ACB64B16D0E960003F5291 /* libsqlite3.dylib in Frameworks */ = {isa = PBXBuildFile; fileRef = B9ACB64A16D0E960003F5291 /* libsqlite3.dylib */; };
		B9ACB64D16D0E978003F5291 /* libz.1.1.3.dylib in Frameworks */ = {isa = PBXBuildFile; fileRef = B9ACB64C16D0E978003F5291 /* libz.1.1.3.dylib */; };
		B9ACB64F16D0E986003F5291 /* MobileCoreServices.framework in Frameworks */ = {isa = PBXBuildFile; fileRef = B9ACB64E16D0E986003F5291 /* MobileCoreServices.framework */; };
		B9ACB65116D0E98B003F5291 /* QuartzCore.framework in Frameworks */ = {isa = PBXBuildFile; fileRef = B9ACB65016D0E98B003F5291 /* QuartzCore.framework */; };
		B9ACB65316D0E996003F5291 /* Security.framework in Frameworks */ = {isa = PBXBuildFile; fileRef = B9ACB65216D0E996003F5291 /* Security.framework */; };
		B9ACB65516D0E99B003F5291 /* Social.framework in Frameworks */ = {isa = PBXBuildFile; fileRef = B9ACB65416D0E99B003F5291 /* Social.framework */; settings = {ATTRIBUTES = (Weak, ); }; };
		B9ACB65716D0E9A0003F5291 /* StoreKit.framework in Frameworks */ = {isa = PBXBuildFile; fileRef = B9ACB65616D0E9A0003F5291 /* StoreKit.framework */; };
		B9ACB65916D0E9A9003F5291 /* SystemConfiguration.framework in Frameworks */ = {isa = PBXBuildFile; fileRef = B9ACB65816D0E9A9003F5291 /* SystemConfiguration.framework */; };
		B9B8606E16D2E5D500B8A95F /* Message.m in Sources */ = {isa = PBXBuildFile; fileRef = B9B8606D16D2E5D500B8A95F /* Message.m */; };
		B9B8607116D2F23D00B8A95F /* DetailViewController.m in Sources */ = {isa = PBXBuildFile; fileRef = B9B8607016D2F23D00B8A95F /* DetailViewController.m */; };
		B9DF59C416CF15C3006479BD /* GossipQueenMapViewController.m in Sources */ = {isa = PBXBuildFile; fileRef = B9DF59C316CF15C3006479BD /* GossipQueenMapViewController.m */; };
/* End PBXBuildFile section */

/* Begin PBXFileReference section */
		B90DB84D16CF920F008E0B61 /* GossipQueenInterestsViewController.h */ = {isa = PBXFileReference; fileEncoding = 4; lastKnownFileType = sourcecode.c.h; name = GossipQueenInterestsViewController.h; path = ../GossipQueenInterestsViewController.h; sourceTree = "<group>"; };
		B90DB84E16CF920F008E0B61 /* GossipQueenInterestsViewController.m */ = {isa = PBXFileReference; fileEncoding = 4; lastKnownFileType = sourcecode.c.objc; name = GossipQueenInterestsViewController.m; path = ../GossipQueenInterestsViewController.m; sourceTree = "<group>"; };
		B90DB85016CF92D3008E0B61 /* GossipQueenFriendsViewController.h */ = {isa = PBXFileReference; fileEncoding = 4; lastKnownFileType = sourcecode.c.h; name = GossipQueenFriendsViewController.h; path = ../GossipQueenFriendsViewController.h; sourceTree = "<group>"; };
		B90DB85116CF92D3008E0B61 /* GossipQueenFriendsViewController.m */ = {isa = PBXFileReference; fileEncoding = 4; lastKnownFileType = sourcecode.c.objc; name = GossipQueenFriendsViewController.m; path = ../GossipQueenFriendsViewController.m; sourceTree = "<group>"; };
		B90DB85316CF9334008E0B61 /* GossipQueenHistoryViewController.h */ = {isa = PBXFileReference; fileEncoding = 4; lastKnownFileType = sourcecode.c.h; name = GossipQueenHistoryViewController.h; path = ../GossipQueenHistoryViewController.h; sourceTree = "<group>"; };
		B90DB85416CF9334008E0B61 /* GossipQueenHistoryViewController.m */ = {isa = PBXFileReference; fileEncoding = 4; lastKnownFileType = sourcecode.c.objc; name = GossipQueenHistoryViewController.m; path = ../GossipQueenHistoryViewController.m; sourceTree = "<group>"; };
		B94838F416CED0E600438882 /* Gossip Queen.app */ = {isa = PBXFileReference; explicitFileType = wrapper.application; includeInIndex = 0; path = "Gossip Queen.app"; sourceTree = BUILT_PRODUCTS_DIR; };
		B94838F716CED0E600438882 /* UIKit.framework */ = {isa = PBXFileReference; lastKnownFileType = wrapper.framework; name = UIKit.framework; path = System/Library/Frameworks/UIKit.framework; sourceTree = SDKROOT; };
		B94838F916CED0E600438882 /* Foundation.framework */ = {isa = PBXFileReference; lastKnownFileType = wrapper.framework; name = Foundation.framework; path = System/Library/Frameworks/Foundation.framework; sourceTree = SDKROOT; };
		B94838FB16CED0E600438882 /* CoreGraphics.framework */ = {isa = PBXFileReference; lastKnownFileType = wrapper.framework; name = CoreGraphics.framework; path = System/Library/Frameworks/CoreGraphics.framework; sourceTree = SDKROOT; };
		B94838FF16CED0E600438882 /* Gossip Queen-Info.plist */ = {isa = PBXFileReference; lastKnownFileType = text.plist.xml; path = "Gossip Queen-Info.plist"; sourceTree = "<group>"; };
		B948390116CED0E600438882 /* en */ = {isa = PBXFileReference; lastKnownFileType = text.plist.strings; name = en; path = en.lproj/InfoPlist.strings; sourceTree = "<group>"; };
		B948390316CED0E600438882 /* main.m */ = {isa = PBXFileReference; lastKnownFileType = sourcecode.c.objc; path = main.m; sourceTree = "<group>"; };
		B948390516CED0E600438882 /* Gossip Queen-Prefix.pch */ = {isa = PBXFileReference; lastKnownFileType = sourcecode.c.h; path = "Gossip Queen-Prefix.pch"; sourceTree = "<group>"; };
		B948390616CED0E600438882 /* GossipQueenAppDelegate.h */ = {isa = PBXFileReference; lastKnownFileType = sourcecode.c.h; path = GossipQueenAppDelegate.h; sourceTree = "<group>"; };
		B948390716CED0E600438882 /* GossipQueenAppDelegate.m */ = {isa = PBXFileReference; lastKnownFileType = sourcecode.c.objc; path = GossipQueenAppDelegate.m; sourceTree = "<group>"; };
		B948390916CED0E600438882 /* Default.png */ = {isa = PBXFileReference; lastKnownFileType = image.png; path = Default.png; sourceTree = "<group>"; };
		B948390B16CED0E600438882 /* Default@2x.png */ = {isa = PBXFileReference; lastKnownFileType = image.png; path = "Default@2x.png"; sourceTree = "<group>"; };
		B948390D16CED0E600438882 /* Default-568h@2x.png */ = {isa = PBXFileReference; lastKnownFileType = image.png; path = "Default-568h@2x.png"; sourceTree = "<group>"; };
		B948391016CED0E600438882 /* en */ = {isa = PBXFileReference; lastKnownFileType = file.storyboard; name = en; path = en.lproj/MainStoryboard_iPhone.storyboard; sourceTree = "<group>"; };
		B948391316CED0E600438882 /* en */ = {isa = PBXFileReference; lastKnownFileType = file.storyboard; name = en; path = en.lproj/MainStoryboard_iPad.storyboard; sourceTree = "<group>"; };
		B948391516CED0E600438882 /* GossipQueenMainViewController.h */ = {isa = PBXFileReference; lastKnownFileType = sourcecode.c.h; path = GossipQueenMainViewController.h; sourceTree = "<group>"; };
		B948391616CED0E600438882 /* GossipQueenMainViewController.m */ = {isa = PBXFileReference; lastKnownFileType = sourcecode.c.objc; path = GossipQueenMainViewController.m; sourceTree = "<group>"; };
		B948391816CED0E600438882 /* first.png */ = {isa = PBXFileReference; lastKnownFileType = image.png; path = first.png; sourceTree = "<group>"; };
		B948391A16CED0E600438882 /* first@2x.png */ = {isa = PBXFileReference; lastKnownFileType = image.png; path = "first@2x.png"; sourceTree = "<group>"; };
		B948391F16CED0E600438882 /* second.png */ = {isa = PBXFileReference; lastKnownFileType = image.png; path = second.png; sourceTree = "<group>"; };
		B948392116CED0E600438882 /* second@2x.png */ = {isa = PBXFileReference; lastKnownFileType = image.png; path = "second@2x.png"; sourceTree = "<group>"; };
		B9794F7E16CF2F63003BDD68 /* MapKit.framework */ = {isa = PBXFileReference; lastKnownFileType = wrapper.framework; name = MapKit.framework; path = System/Library/Frameworks/MapKit.framework; sourceTree = SDKROOT; };
		B9ACB63E16D0E8A1003F5291 /* Parse.framework */ = {isa = PBXFileReference; lastKnownFileType = wrapper.framework; path = Parse.framework; sourceTree = "<group>"; };
		B9ACB64016D0E917003F5291 /* AudioToolbox.framework */ = {isa = PBXFileReference; lastKnownFileType = wrapper.framework; name = AudioToolbox.framework; path = System/Library/Frameworks/AudioToolbox.framework; sourceTree = SDKROOT; };
		B9ACB64216D0E91C003F5291 /* Accounts.framework */ = {isa = PBXFileReference; lastKnownFileType = wrapper.framework; name = Accounts.framework; path = System/Library/Frameworks/Accounts.framework; sourceTree = SDKROOT; };
		B9ACB64416D0E921003F5291 /* AdSupport.framework */ = {isa = PBXFileReference; lastKnownFileType = wrapper.framework; name = AdSupport.framework; path = System/Library/Frameworks/AdSupport.framework; sourceTree = SDKROOT; };
		B9ACB64616D0E930003F5291 /* CFNetwork.framework */ = {isa = PBXFileReference; lastKnownFileType = wrapper.framework; name = CFNetwork.framework; path = System/Library/Frameworks/CFNetwork.framework; sourceTree = SDKROOT; };
		B9ACB64816D0E93B003F5291 /* CoreLocation.framework */ = {isa = PBXFileReference; lastKnownFileType = wrapper.framework; name = CoreLocation.framework; path = System/Library/Frameworks/CoreLocation.framework; sourceTree = SDKROOT; };
		B9ACB64A16D0E960003F5291 /* libsqlite3.dylib */ = {isa = PBXFileReference; lastKnownFileType = "compiled.mach-o.dylib"; name = libsqlite3.dylib; path = usr/lib/libsqlite3.dylib; sourceTree = SDKROOT; };
		B9ACB64C16D0E978003F5291 /* libz.1.1.3.dylib */ = {isa = PBXFileReference; lastKnownFileType = "compiled.mach-o.dylib"; name = libz.1.1.3.dylib; path = usr/lib/libz.1.1.3.dylib; sourceTree = SDKROOT; };
		B9ACB64E16D0E986003F5291 /* MobileCoreServices.framework */ = {isa = PBXFileReference; lastKnownFileType = wrapper.framework; name = MobileCoreServices.framework; path = System/Library/Frameworks/MobileCoreServices.framework; sourceTree = SDKROOT; };
		B9ACB65016D0E98B003F5291 /* QuartzCore.framework */ = {isa = PBXFileReference; lastKnownFileType = wrapper.framework; name = QuartzCore.framework; path = System/Library/Frameworks/QuartzCore.framework; sourceTree = SDKROOT; };
		B9ACB65216D0E996003F5291 /* Security.framework */ = {isa = PBXFileReference; lastKnownFileType = wrapper.framework; name = Security.framework; path = System/Library/Frameworks/Security.framework; sourceTree = SDKROOT; };
		B9ACB65416D0E99B003F5291 /* Social.framework */ = {isa = PBXFileReference; lastKnownFileType = wrapper.framework; name = Social.framework; path = System/Library/Frameworks/Social.framework; sourceTree = SDKROOT; };
		B9ACB65616D0E9A0003F5291 /* StoreKit.framework */ = {isa = PBXFileReference; lastKnownFileType = wrapper.framework; name = StoreKit.framework; path = System/Library/Frameworks/StoreKit.framework; sourceTree = SDKROOT; };
		B9ACB65816D0E9A9003F5291 /* SystemConfiguration.framework */ = {isa = PBXFileReference; lastKnownFileType = wrapper.framework; name = SystemConfiguration.framework; path = System/Library/Frameworks/SystemConfiguration.framework; sourceTree = SDKROOT; };
		B9B8606C16D2E5D500B8A95F /* Message.h */ = {isa = PBXFileReference; fileEncoding = 4; lastKnownFileType = sourcecode.c.h; path = Message.h; sourceTree = "<group>"; };
		B9B8606D16D2E5D500B8A95F /* Message.m */ = {isa = PBXFileReference; fileEncoding = 4; lastKnownFileType = sourcecode.c.objc; path = Message.m; sourceTree = "<group>"; };
		B9B8606F16D2F23D00B8A95F /* DetailViewController.h */ = {isa = PBXFileReference; fileEncoding = 4; lastKnownFileType = sourcecode.c.h; path = DetailViewController.h; sourceTree = "<group>"; };
		B9B8607016D2F23D00B8A95F /* DetailViewController.m */ = {isa = PBXFileReference; fileEncoding = 4; lastKnownFileType = sourcecode.c.objc; path = DetailViewController.m; sourceTree = "<group>"; };
		B9DF59C216CF15C3006479BD /* GossipQueenMapViewController.h */ = {isa = PBXFileReference; fileEncoding = 4; lastKnownFileType = sourcecode.c.h; path = GossipQueenMapViewController.h; sourceTree = "<group>"; };
		B9DF59C316CF15C3006479BD /* GossipQueenMapViewController.m */ = {isa = PBXFileReference; fileEncoding = 4; lastKnownFileType = sourcecode.c.objc; path = GossipQueenMapViewController.m; sourceTree = "<group>"; };
/* End PBXFileReference section */

/* Begin PBXFrameworksBuildPhase section */
		B94838F116CED0E600438882 /* Frameworks */ = {
			isa = PBXFrameworksBuildPhase;
			buildActionMask = 2147483647;
			files = (
				B9ACB65916D0E9A9003F5291 /* SystemConfiguration.framework in Frameworks */,
				B9ACB65716D0E9A0003F5291 /* StoreKit.framework in Frameworks */,
				B9ACB65516D0E99B003F5291 /* Social.framework in Frameworks */,
				B9ACB65316D0E996003F5291 /* Security.framework in Frameworks */,
				B9ACB65116D0E98B003F5291 /* QuartzCore.framework in Frameworks */,
				B9ACB64F16D0E986003F5291 /* MobileCoreServices.framework in Frameworks */,
				B9ACB64D16D0E978003F5291 /* libz.1.1.3.dylib in Frameworks */,
				B9ACB64B16D0E960003F5291 /* libsqlite3.dylib in Frameworks */,
				B9ACB64916D0E93B003F5291 /* CoreLocation.framework in Frameworks */,
				B94838FC16CED0E600438882 /* CoreGraphics.framework in Frameworks */,
				B9ACB64716D0E930003F5291 /* CFNetwork.framework in Frameworks */,
				B9ACB64516D0E921003F5291 /* AdSupport.framework in Frameworks */,
				B9ACB64316D0E91C003F5291 /* Accounts.framework in Frameworks */,
				B9ACB64116D0E917003F5291 /* AudioToolbox.framework in Frameworks */,
				B9794F7F16CF2F63003BDD68 /* MapKit.framework in Frameworks */,
				B94838F816CED0E600438882 /* UIKit.framework in Frameworks */,
				B94838FA16CED0E600438882 /* Foundation.framework in Frameworks */,
				B9ACB63F16D0E8A1003F5291 /* Parse.framework in Frameworks */,
			);
			runOnlyForDeploymentPostprocessing = 0;
		};
/* End PBXFrameworksBuildPhase section */

/* Begin PBXGroup section */
		B94838EB16CED0E600438882 = {
			isa = PBXGroup;
			children = (
				B94838FD16CED0E600438882 /* Gossip Queen */,
				B94838F616CED0E600438882 /* Frameworks */,
				B94838F516CED0E600438882 /* Products */,
			);
			sourceTree = "<group>";
		};
		B94838F516CED0E600438882 /* Products */ = {
			isa = PBXGroup;
			children = (
				B94838F416CED0E600438882 /* Gossip Queen.app */,
			);
			name = Products;
			sourceTree = "<group>";
		};
		B94838F616CED0E600438882 /* Frameworks */ = {
			isa = PBXGroup;
			children = (
				B9ACB65816D0E9A9003F5291 /* SystemConfiguration.framework */,
				B9ACB65616D0E9A0003F5291 /* StoreKit.framework */,
				B9ACB65416D0E99B003F5291 /* Social.framework */,
				B9ACB65216D0E996003F5291 /* Security.framework */,
				B9ACB65016D0E98B003F5291 /* QuartzCore.framework */,
				B9ACB64E16D0E986003F5291 /* MobileCoreServices.framework */,
				B9ACB64C16D0E978003F5291 /* libz.1.1.3.dylib */,
				B9ACB64A16D0E960003F5291 /* libsqlite3.dylib */,
				B9ACB64816D0E93B003F5291 /* CoreLocation.framework */,
				B9ACB64616D0E930003F5291 /* CFNetwork.framework */,
				B9ACB64416D0E921003F5291 /* AdSupport.framework */,
				B9ACB64216D0E91C003F5291 /* Accounts.framework */,
				B9ACB64016D0E917003F5291 /* AudioToolbox.framework */,
				B9794F7E16CF2F63003BDD68 /* MapKit.framework */,
				B9ACB63E16D0E8A1003F5291 /* Parse.framework */,
				B94838F716CED0E600438882 /* UIKit.framework */,
				B94838F916CED0E600438882 /* Foundation.framework */,
				B94838FB16CED0E600438882 /* CoreGraphics.framework */,
			);
			name = Frameworks;
			sourceTree = "<group>";
		};
		B94838FD16CED0E600438882 /* Gossip Queen */ = {
			isa = PBXGroup;
			children = (
				B948390F16CED0E600438882 /* MainStoryboard_iPhone.storyboard */,
				B9B8606F16D2F23D00B8A95F /* DetailViewController.h */,
				B9B8607016D2F23D00B8A95F /* DetailViewController.m */,
				B948391216CED0E600438882 /* MainStoryboard_iPad.storyboard */,
				B90DB85316CF9334008E0B61 /* GossipQueenHistoryViewController.h */,
				B90DB85416CF9334008E0B61 /* GossipQueenHistoryViewController.m */,
				B9B8606C16D2E5D500B8A95F /* Message.h */,
				B9B8606D16D2E5D500B8A95F /* Message.m */,
				B90DB85016CF92D3008E0B61 /* GossipQueenFriendsViewController.h */,
				B90DB85116CF92D3008E0B61 /* GossipQueenFriendsViewController.m */,
				B90DB84D16CF920F008E0B61 /* GossipQueenInterestsViewController.h */,
				B90DB84E16CF920F008E0B61 /* GossipQueenInterestsViewController.m */,
				B948390616CED0E600438882 /* GossipQueenAppDelegate.h */,
				B948390716CED0E600438882 /* GossipQueenAppDelegate.m */,
				B948391516CED0E600438882 /* GossipQueenMainViewController.h */,
				B948391616CED0E600438882 /* GossipQueenMainViewController.m */,
				B9DF59C216CF15C3006479BD /* GossipQueenMapViewController.h */,
				B9DF59C316CF15C3006479BD /* GossipQueenMapViewController.m */,
				B948391816CED0E600438882 /* first.png */,
				B948391A16CED0E600438882 /* first@2x.png */,
				B948391F16CED0E600438882 /* second.png */,
				B948392116CED0E600438882 /* second@2x.png */,
				B94838FE16CED0E600438882 /* Supporting Files */,
			);
			path = "Gossip Queen";
			sourceTree = "<group>";
		};
		B94838FE16CED0E600438882 /* Supporting Files */ = {
			isa = PBXGroup;
			children = (
				B94838FF16CED0E600438882 /* Gossip Queen-Info.plist */,
				B948390016CED0E600438882 /* InfoPlist.strings */,
				B948390316CED0E600438882 /* main.m */,
				B948390516CED0E600438882 /* Gossip Queen-Prefix.pch */,
				B948390916CED0E600438882 /* Default.png */,
				B948390B16CED0E600438882 /* Default@2x.png */,
				B948390D16CED0E600438882 /* Default-568h@2x.png */,
			);
			name = "Supporting Files";
			sourceTree = "<group>";
		};
/* End PBXGroup section */

/* Begin PBXNativeTarget section */
		B94838F316CED0E600438882 /* Gossip Queen */ = {
			isa = PBXNativeTarget;
			buildConfigurationList = B948392516CED0E600438882 /* Build configuration list for PBXNativeTarget "Gossip Queen" */;
			buildPhases = (
				B94838F016CED0E600438882 /* Sources */,
				B94838F116CED0E600438882 /* Frameworks */,
				B94838F216CED0E600438882 /* Resources */,
			);
			buildRules = (
			);
			dependencies = (
			);
			name = "Gossip Queen";
			productName = "Gossip Queen";
			productReference = B94838F416CED0E600438882 /* Gossip Queen.app */;
			productType = "com.apple.product-type.application";
		};
/* End PBXNativeTarget section */

/* Begin PBXProject section */
		B94838EC16CED0E600438882 /* Project object */ = {
			isa = PBXProject;
			attributes = {
				CLASSPREFIX = GossipQueen;
				LastUpgradeCheck = 0460;
				ORGANIZATIONNAME = "Noah Harris";
			};
			buildConfigurationList = B94838EF16CED0E600438882 /* Build configuration list for PBXProject "Gossip Queen" */;
			compatibilityVersion = "Xcode 3.2";
			developmentRegion = English;
			hasScannedForEncodings = 0;
			knownRegions = (
				en,
			);
			mainGroup = B94838EB16CED0E600438882;
			productRefGroup = B94838F516CED0E600438882 /* Products */;
			projectDirPath = "";
			projectRoot = "";
			targets = (
				B94838F316CED0E600438882 /* Gossip Queen */,
			);
		};
/* End PBXProject section */

/* Begin PBXResourcesBuildPhase section */
		B94838F216CED0E600438882 /* Resources */ = {
			isa = PBXResourcesBuildPhase;
			buildActionMask = 2147483647;
			files = (
				B948390216CED0E600438882 /* InfoPlist.strings in Resources */,
				B948390A16CED0E600438882 /* Default.png in Resources */,
				B948390C16CED0E600438882 /* Default@2x.png in Resources */,
				B948390E16CED0E600438882 /* Default-568h@2x.png in Resources */,
				B948391116CED0E600438882 /* MainStoryboard_iPhone.storyboard in Resources */,
				B948391416CED0E600438882 /* MainStoryboard_iPad.storyboard in Resources */,
				B948391916CED0E600438882 /* first.png in Resources */,
				B948391B16CED0E600438882 /* first@2x.png in Resources */,
				B948392016CED0E600438882 /* second.png in Resources */,
				B948392216CED0E600438882 /* second@2x.png in Resources */,
			);
			runOnlyForDeploymentPostprocessing = 0;
		};
/* End PBXResourcesBuildPhase section */

/* Begin PBXSourcesBuildPhase section */
		B94838F016CED0E600438882 /* Sources */ = {
			isa = PBXSourcesBuildPhase;
			buildActionMask = 2147483647;
			files = (
				B948390416CED0E600438882 /* main.m in Sources */,
				B948390816CED0E600438882 /* GossipQueenAppDelegate.m in Sources */,
				B948391716CED0E600438882 /* GossipQueenMainViewController.m in Sources */,
				B9DF59C416CF15C3006479BD /* GossipQueenMapViewController.m in Sources */,
				B90DB84F16CF920F008E0B61 /* GossipQueenInterestsViewController.m in Sources */,
				B90DB85216CF92D3008E0B61 /* GossipQueenFriendsViewController.m in Sources */,
				B90DB85516CF9334008E0B61 /* GossipQueenHistoryViewController.m in Sources */,
				B9B8606E16D2E5D500B8A95F /* Message.m in Sources */,
				B9B8607116D2F23D00B8A95F /* DetailViewController.m in Sources */,
			);
			runOnlyForDeploymentPostprocessing = 0;
		};
/* End PBXSourcesBuildPhase section */

/* Begin PBXVariantGroup section */
		B948390016CED0E600438882 /* InfoPlist.strings */ = {
			isa = PBXVariantGroup;
			children = (
				B948390116CED0E600438882 /* en */,
			);
			name = InfoPlist.strings;
			sourceTree = "<group>";
		};
		B948390F16CED0E600438882 /* MainStoryboard_iPhone.storyboard */ = {
			isa = PBXVariantGroup;
			children = (
				B948391016CED0E600438882 /* en */,
			);
			name = MainStoryboard_iPhone.storyboard;
			sourceTree = "<group>";
		};
		B948391216CED0E600438882 /* MainStoryboard_iPad.storyboard */ = {
			isa = PBXVariantGroup;
			children = (
				B948391316CED0E600438882 /* en */,
			);
			name = MainStoryboard_iPad.storyboard;
			sourceTree = "<group>";
		};
/* End PBXVariantGroup section */

/* Begin XCBuildConfiguration section */
		B948392316CED0E600438882 /* Debug */ = {
			isa = XCBuildConfiguration;
			buildSettings = {
				ALWAYS_SEARCH_USER_PATHS = NO;
				CLANG_CXX_LANGUAGE_STANDARD = "gnu++0x";
				CLANG_CXX_LIBRARY = "libc++";
				CLANG_ENABLE_OBJC_ARC = YES;
				CLANG_WARN_CONSTANT_CONVERSION = YES;
				CLANG_WARN_EMPTY_BODY = YES;
				CLANG_WARN_ENUM_CONVERSION = YES;
				CLANG_WARN_INT_CONVERSION = YES;
				CLANG_WARN__DUPLICATE_METHOD_MATCH = YES;
				"CODE_SIGN_IDENTITY[sdk=iphoneos*]" = "iPhone Developer";
				COPY_PHASE_STRIP = NO;
				GCC_C_LANGUAGE_STANDARD = gnu99;
				GCC_DYNAMIC_NO_PIC = NO;
				GCC_OPTIMIZATION_LEVEL = 0;
				GCC_PREPROCESSOR_DEFINITIONS = (
					"DEBUG=1",
					"$(inherited)",
				);
				GCC_SYMBOLS_PRIVATE_EXTERN = NO;
				GCC_WARN_ABOUT_RETURN_TYPE = YES;
				GCC_WARN_UNINITIALIZED_AUTOS = YES;
				GCC_WARN_UNUSED_VARIABLE = YES;
				IPHONEOS_DEPLOYMENT_TARGET = 6.1;
				ONLY_ACTIVE_ARCH = YES;
				SDKROOT = iphoneos;
				TARGETED_DEVICE_FAMILY = "1,2";
			};
			name = Debug;
		};
		B948392416CED0E600438882 /* Release */ = {
			isa = XCBuildConfiguration;
			buildSettings = {
				ALWAYS_SEARCH_USER_PATHS = NO;
				CLANG_CXX_LANGUAGE_STANDARD = "gnu++0x";
				CLANG_CXX_LIBRARY = "libc++";
				CLANG_ENABLE_OBJC_ARC = YES;
				CLANG_WARN_CONSTANT_CONVERSION = YES;
				CLANG_WARN_EMPTY_BODY = YES;
				CLANG_WARN_ENUM_CONVERSION = YES;
				CLANG_WARN_INT_CONVERSION = YES;
				CLANG_WARN__DUPLICATE_METHOD_MATCH = YES;
				"CODE_SIGN_IDENTITY[sdk=iphoneos*]" = "iPhone Developer";
				COPY_PHASE_STRIP = YES;
				GCC_C_LANGUAGE_STANDARD = gnu99;
				GCC_WARN_ABOUT_RETURN_TYPE = YES;
				GCC_WARN_UNINITIALIZED_AUTOS = YES;
				GCC_WARN_UNUSED_VARIABLE = YES;
				IPHONEOS_DEPLOYMENT_TARGET = 6.1;
				OTHER_CFLAGS = "-DNS_BLOCK_ASSERTIONS=1";
				SDKROOT = iphoneos;
				TARGETED_DEVICE_FAMILY = "1,2";
				VALIDATE_PRODUCT = YES;
			};
			name = Release;
		};
		B948392616CED0E600438882 /* Debug */ = {
			isa = XCBuildConfiguration;
			buildSettings = {
				FRAMEWORK_SEARCH_PATHS = (
					"$(inherited)",
					"\"$(SRCROOT)\"",
				);
				GCC_PRECOMPILE_PREFIX_HEADER = YES;
				GCC_PREFIX_HEADER = "Gossip Queen/Gossip Queen-Prefix.pch";
				INFOPLIST_FILE = "Gossip Queen/Gossip Queen-Info.plist";
				PRODUCT_NAME = "$(TARGET_NAME)";
				WRAPPER_EXTENSION = app;
			};
			name = Debug;
		};
		B948392716CED0E600438882 /* Release */ = {
			isa = XCBuildConfiguration;
			buildSettings = {
				FRAMEWORK_SEARCH_PATHS = (
					"$(inherited)",
					"\"$(SRCROOT)\"",
				);
				GCC_PRECOMPILE_PREFIX_HEADER = YES;
				GCC_PREFIX_HEADER = "Gossip Queen/Gossip Queen-Prefix.pch";
				INFOPLIST_FILE = "Gossip Queen/Gossip Queen-Info.plist";
				PRODUCT_NAME = "$(TARGET_NAME)";
				WRAPPER_EXTENSION = app;
			};
			name = Release;
		};
/* End XCBuildConfiguration section */

/* Begin XCConfigurationList section */
		B94838EF16CED0E600438882 /* Build configuration list for PBXProject "Gossip Queen" */ = {
			isa = XCConfigurationList;
			buildConfigurations = (
				B948392316CED0E600438882 /* Debug */,
				B948392416CED0E600438882 /* Release */,
			);
			defaultConfigurationIsVisible = 0;
			defaultConfigurationName = Release;
		};
		B948392516CED0E600438882 /* Build configuration list for PBXNativeTarget "Gossip Queen" */ = {
			isa = XCConfigurationList;
			buildConfigurations = (
				B948392616CED0E600438882 /* Debug */,
				B948392716CED0E600438882 /* Release */,
			);
			defaultConfigurationIsVisible = 0;
			defaultConfigurationName = Release;
		};
/* End XCConfigurationList section */
	};
	rootObject = B94838EC16CED0E600438882 /* Project object */;
}
